github.com/whyrusleeping/gollama v0.0.0-20250724222537-4cc43ebed36f h1:8RIpuJ7F+jUr3gi6cbIPze9Bj1Y6CGBCCn0/n9ToyL4=
github.com/whyrusleeping/gollama v0.0.0-20250724222537-4cc43ebed36f/go.mod h1:6w4e6ACPZTP19584PpRfXwpeuW4ns4k5WOXS2wm+Egs=
github.com/whyrusleeping/gollama v0.0.0-20250731171300-a45e77ceb439 h1:dua3D/LKEf1N5wuyc/5WFyAB6gA0aL6j6n40AFA+fOE=
github.com/whyrusleeping/gollama v0.0.0-20250731171300-a45e77ceb439/go.mod h1:6w4e6ACPZTP19584PpRfXwpeuW4ns4k5WOXS2wm+Egs=
